// !$*UTF8*$!
{
	archiveVersion = 1;
	classes = {
	};
	objectVersion = 55;
	objects = {

/* Begin PBXBuildFile section */
		45A5BFFFC0A210A0CBBD27B3 /* Pods_Reciplease.framework in Frameworks */ = {isa = PBXBuildFile; fileRef = C173C18BCD8439200EC0B912 /* Pods_Reciplease.framework */; };
		4AB1749D732A8CEDDC96A833 /* libPods-RecipleaseTests.a in Frameworks */ = {isa = PBXBuildFile; fileRef = D9DDC8708768FC4AA1CAE42E /* libPods-RecipleaseTests.a */; };
		D535CA462721B76500F948BC /* CoreDataStack.swift in Sources */ = {isa = PBXBuildFile; fileRef = D535CA452721B76500F948BC /* CoreDataStack.swift */; };
		D535CA482721B84A00F948BC /* RecipeCoreData.swift in Sources */ = {isa = PBXBuildFile; fileRef = D535CA472721B84A00F948BC /* RecipeCoreData.swift */; };
		D535CA4B2721D38A00F948BC /* MockCoreDataStack.swift in Sources */ = {isa = PBXBuildFile; fileRef = D535CA4A2721D38A00F948BC /* MockCoreDataStack.swift */; };
		D535CA4D2721D3B800F948BC /* CoreDataManagerTests.swift in Sources */ = {isa = PBXBuildFile; fileRef = D535CA4C2721D3B800F948BC /* CoreDataManagerTests.swift */; };
		D535CA4F27228F4800F948BC /* RecipeResponsetests.swift in Sources */ = {isa = PBXBuildFile; fileRef = D535CA4E27228F4800F948BC /* RecipeResponsetests.swift */; };
		D535CA512722C3B500F948BC /* Recipe+Mock.swift in Sources */ = {isa = PBXBuildFile; fileRef = D535CA502722C3B500F948BC /* Recipe+Mock.swift */; };
		D535CA532722F1B600F948BC /* ExtensionUIViewController.swift in Sources */ = {isa = PBXBuildFile; fileRef = D535CA522722F1B600F948BC /* ExtensionUIViewController.swift */; };
		D550E34F270CBC8D00E54416 /* AppDelegate.swift in Sources */ = {isa = PBXBuildFile; fileRef = D550E34E270CBC8D00E54416 /* AppDelegate.swift */; };
		D550E351270CBC8D00E54416 /* SceneDelegate.swift in Sources */ = {isa = PBXBuildFile; fileRef = D550E350270CBC8D00E54416 /* SceneDelegate.swift */; };
		D550E353270CBC8D00E54416 /* SearchController.swift in Sources */ = {isa = PBXBuildFile; fileRef = D550E352270CBC8D00E54416 /* SearchController.swift */; };
		D550E356270CBC8D00E54416 /* Main.storyboard in Resources */ = {isa = PBXBuildFile; fileRef = D550E354270CBC8D00E54416 /* Main.storyboard */; };
		D550E359270CBC8D00E54416 /* Reciplease.xcdatamodeld in Sources */ = {isa = PBXBuildFile; fileRef = D550E357270CBC8D00E54416 /* Reciplease.xcdatamodeld */; };
		D550E35B270CBC8F00E54416 /* Assets.xcassets in Resources */ = {isa = PBXBuildFile; fileRef = D550E35A270CBC8F00E54416 /* Assets.xcassets */; };
		D550E35E270CBC8F00E54416 /* LaunchScreen.storyboard in Resources */ = {isa = PBXBuildFile; fileRef = D550E35C270CBC8F00E54416 /* LaunchScreen.storyboard */; };
		D550E372270DA0E400E54416 /* SearchResultsController.swift in Sources */ = {isa = PBXBuildFile; fileRef = D550E371270DA0E400E54416 /* SearchResultsController.swift */; };
		D550E374270DAB9600E54416 /* RecipeController.swift in Sources */ = {isa = PBXBuildFile; fileRef = D550E373270DAB9600E54416 /* RecipeController.swift */; };
		D550E378270DCDC800E54416 /* IngredientService.swift in Sources */ = {isa = PBXBuildFile; fileRef = D550E377270DCDC800E54416 /* IngredientService.swift */; };
		D550E37A270E0F3400E54416 /* RecipeResponse.swift in Sources */ = {isa = PBXBuildFile; fileRef = D550E379270E0F3400E54416 /* RecipeResponse.swift */; };
		D550E37C270E1A1500E54416 /* Api.swift in Sources */ = {isa = PBXBuildFile; fileRef = D550E37B270E1A1500E54416 /* Api.swift */; };
		D550E37E270E20A100E54416 /* RecipeService.swift in Sources */ = {isa = PBXBuildFile; fileRef = D550E37D270E20A100E54416 /* RecipeService.swift */; };
		D550E383270E36B300E54416 /* RecipeTableViewCell.swift in Sources */ = {isa = PBXBuildFile; fileRef = D550E381270E36B300E54416 /* RecipeTableViewCell.swift */; };
		D550E384270E36B300E54416 /* RecipeTableViewCell.xib in Resources */ = {isa = PBXBuildFile; fileRef = D550E382270E36B300E54416 /* RecipeTableViewCell.xib */; };
		D550E3882711B8BD00E54416 /* CustomView.swift in Sources */ = {isa = PBXBuildFile; fileRef = D550E3872711B8BD00E54416 /* CustomView.swift */; };
		D58A5F78271F4F9600F990CE /* ExtensionUITableView.swift in Sources */ = {isa = PBXBuildFile; fileRef = D58A5F77271F4F9600F990CE /* ExtensionUITableView.swift */; };
		D58A5F87271F623F00F990CE /* RecipeServiceTests.swift in Sources */ = {isa = PBXBuildFile; fileRef = D58A5F86271F623F00F990CE /* RecipeServiceTests.swift */; };
		D58A5F8F271FFE0600F990CE /* Recipes.json in Resources */ = {isa = PBXBuildFile; fileRef = D58A5F8E271FFE0600F990CE /* Recipes.json */; };
		D58A5F912720211B00F990CE /* FakeAlamofireSession.swift in Sources */ = {isa = PBXBuildFile; fileRef = D58A5F902720211B00F990CE /* FakeAlamofireSession.swift */; };
		D58A5F932720255900F990CE /* RecipeSession.swift in Sources */ = {isa = PBXBuildFile; fileRef = D58A5F922720255900F990CE /* RecipeSession.swift */; };
		D58A5F9827203CA300F990CE /* FakeResponseData.swift in Sources */ = {isa = PBXBuildFile; fileRef = D58A5F9727203CA300F990CE /* FakeResponseData.swift */; };
		D5CD82532715B3630076D80C /* CoreDataManager.swift in Sources */ = {isa = PBXBuildFile; fileRef = D5CD82522715B3630076D80C /* CoreDataManager.swift */; };
/* End PBXBuildFile section */

/* Begin PBXContainerItemProxy section */
		D58A5F81271F5C8C00F990CE /* PBXContainerItemProxy */ = {
			isa = PBXContainerItemProxy;
			containerPortal = D550E343270CBC8D00E54416 /* Project object */;
			proxyType = 1;
			remoteGlobalIDString = D550E34A270CBC8D00E54416;
			remoteInfo = Reciplease;
		};
/* End PBXContainerItemProxy section */

/* Begin PBXFileReference section */
		15D47B5BB3FA765FCAA6326F /* Pods-RecipleaseTests.debug.xcconfig */ = {isa = PBXFileReference; includeInIndex = 1; lastKnownFileType = text.xcconfig; name = "Pods-RecipleaseTests.debug.xcconfig"; path = "Target Support Files/Pods-RecipleaseTests/Pods-RecipleaseTests.debug.xcconfig"; sourceTree = "<group>"; };
		1CF580766C283F3A236D719A /* Pods-Reciplease.debug.xcconfig */ = {isa = PBXFileReference; includeInIndex = 1; lastKnownFileType = text.xcconfig; name = "Pods-Reciplease.debug.xcconfig"; path = "Target Support Files/Pods-Reciplease/Pods-Reciplease.debug.xcconfig"; sourceTree = "<group>"; };
		6648725B845E5448AA81A24F /* Pods-RecipleaseTests.release.xcconfig */ = {isa = PBXFileReference; includeInIndex = 1; lastKnownFileType = text.xcconfig; name = "Pods-RecipleaseTests.release.xcconfig"; path = "Target Support Files/Pods-RecipleaseTests/Pods-RecipleaseTests.release.xcconfig"; sourceTree = "<group>"; };
		C173C18BCD8439200EC0B912 /* Pods_Reciplease.framework */ = {isa = PBXFileReference; explicitFileType = wrapper.framework; includeInIndex = 0; path = Pods_Reciplease.framework; sourceTree = BUILT_PRODUCTS_DIR; };
		D535CA452721B76500F948BC /* CoreDataStack.swift */ = {isa = PBXFileReference; lastKnownFileType = sourcecode.swift; path = CoreDataStack.swift; sourceTree = "<group>"; };
		D535CA472721B84A00F948BC /* RecipeCoreData.swift */ = {isa = PBXFileReference; lastKnownFileType = sourcecode.swift; path = RecipeCoreData.swift; sourceTree = "<group>"; };
		D535CA4A2721D38A00F948BC /* MockCoreDataStack.swift */ = {isa = PBXFileReference; lastKnownFileType = sourcecode.swift; path = MockCoreDataStack.swift; sourceTree = "<group>"; };
		D535CA4C2721D3B800F948BC /* CoreDataManagerTests.swift */ = {isa = PBXFileReference; lastKnownFileType = sourcecode.swift; path = CoreDataManagerTests.swift; sourceTree = "<group>"; };
		D535CA4E27228F4800F948BC /* RecipeResponsetests.swift */ = {isa = PBXFileReference; lastKnownFileType = sourcecode.swift; path = RecipeResponsetests.swift; sourceTree = "<group>"; };
		D535CA502722C3B500F948BC /* Recipe+Mock.swift */ = {isa = PBXFileReference; lastKnownFileType = sourcecode.swift; path = "Recipe+Mock.swift"; sourceTree = "<group>"; };
		D535CA522722F1B600F948BC /* ExtensionUIViewController.swift */ = {isa = PBXFileReference; lastKnownFileType = sourcecode.swift; path = ExtensionUIViewController.swift; sourceTree = "<group>"; };
		D550E34B270CBC8D00E54416 /* Reciplease.app */ = {isa = PBXFileReference; explicitFileType = wrapper.application; includeInIndex = 0; path = Reciplease.app; sourceTree = BUILT_PRODUCTS_DIR; };
		D550E34E270CBC8D00E54416 /* AppDelegate.swift */ = {isa = PBXFileReference; lastKnownFileType = sourcecode.swift; path = AppDelegate.swift; sourceTree = "<group>"; };
		D550E350270CBC8D00E54416 /* SceneDelegate.swift */ = {isa = PBXFileReference; lastKnownFileType = sourcecode.swift; path = SceneDelegate.swift; sourceTree = "<group>"; };
		D550E352270CBC8D00E54416 /* SearchController.swift */ = {isa = PBXFileReference; lastKnownFileType = sourcecode.swift; path = SearchController.swift; sourceTree = "<group>"; };
		D550E355270CBC8D00E54416 /* Base */ = {isa = PBXFileReference; lastKnownFileType = file.storyboard; name = Base; path = Base.lproj/Main.storyboard; sourceTree = "<group>"; };
		D550E358270CBC8D00E54416 /* Reciplease.xcdatamodel */ = {isa = PBXFileReference; lastKnownFileType = wrapper.xcdatamodel; path = Reciplease.xcdatamodel; sourceTree = "<group>"; };
		D550E35A270CBC8F00E54416 /* Assets.xcassets */ = {isa = PBXFileReference; lastKnownFileType = folder.assetcatalog; path = Assets.xcassets; sourceTree = "<group>"; };
		D550E35D270CBC8F00E54416 /* Base */ = {isa = PBXFileReference; lastKnownFileType = file.storyboard; name = Base; path = Base.lproj/LaunchScreen.storyboard; sourceTree = "<group>"; };
		D550E35F270CBC8F00E54416 /* Info.plist */ = {isa = PBXFileReference; lastKnownFileType = text.plist.xml; path = Info.plist; sourceTree = "<group>"; };
		D550E371270DA0E400E54416 /* SearchResultsController.swift */ = {isa = PBXFileReference; lastKnownFileType = sourcecode.swift; path = SearchResultsController.swift; sourceTree = "<group>"; };
		D550E373270DAB9600E54416 /* RecipeController.swift */ = {isa = PBXFileReference; lastKnownFileType = sourcecode.swift; path = RecipeController.swift; sourceTree = "<group>"; };
		D550E377270DCDC800E54416 /* IngredientService.swift */ = {isa = PBXFileReference; lastKnownFileType = sourcecode.swift; path = IngredientService.swift; sourceTree = "<group>"; };
		D550E379270E0F3400E54416 /* RecipeResponse.swift */ = {isa = PBXFileReference; lastKnownFileType = sourcecode.swift; path = RecipeResponse.swift; sourceTree = "<group>"; };
		D550E37B270E1A1500E54416 /* Api.swift */ = {isa = PBXFileReference; lastKnownFileType = sourcecode.swift; path = Api.swift; sourceTree = "<group>"; };
		D550E37D270E20A100E54416 /* RecipeService.swift */ = {isa = PBXFileReference; lastKnownFileType = sourcecode.swift; path = RecipeService.swift; sourceTree = "<group>"; };
		D550E381270E36B300E54416 /* RecipeTableViewCell.swift */ = {isa = PBXFileReference; lastKnownFileType = sourcecode.swift; path = RecipeTableViewCell.swift; sourceTree = "<group>"; };
		D550E382270E36B300E54416 /* RecipeTableViewCell.xib */ = {isa = PBXFileReference; lastKnownFileType = file.xib; path = RecipeTableViewCell.xib; sourceTree = "<group>"; };
		D550E3872711B8BD00E54416 /* CustomView.swift */ = {isa = PBXFileReference; lastKnownFileType = sourcecode.swift; path = CustomView.swift; sourceTree = "<group>"; };
		D58A5F77271F4F9600F990CE /* ExtensionUITableView.swift */ = {isa = PBXFileReference; lastKnownFileType = sourcecode.swift; path = ExtensionUITableView.swift; sourceTree = "<group>"; };
		D58A5F7D271F5C8C00F990CE /* RecipleaseTests.xctest */ = {isa = PBXFileReference; explicitFileType = wrapper.cfbundle; includeInIndex = 0; path = RecipleaseTests.xctest; sourceTree = BUILT_PRODUCTS_DIR; };
		D58A5F86271F623F00F990CE /* RecipeServiceTests.swift */ = {isa = PBXFileReference; lastKnownFileType = sourcecode.swift; path = RecipeServiceTests.swift; sourceTree = "<group>"; };
		D58A5F8E271FFE0600F990CE /* Recipes.json */ = {isa = PBXFileReference; lastKnownFileType = text.json; path = Recipes.json; sourceTree = "<group>"; };
		D58A5F902720211B00F990CE /* FakeAlamofireSession.swift */ = {isa = PBXFileReference; lastKnownFileType = sourcecode.swift; path = FakeAlamofireSession.swift; sourceTree = "<group>"; };
		D58A5F922720255900F990CE /* RecipeSession.swift */ = {isa = PBXFileReference; lastKnownFileType = sourcecode.swift; path = RecipeSession.swift; sourceTree = "<group>"; };
		D58A5F9727203CA300F990CE /* FakeResponseData.swift */ = {isa = PBXFileReference; lastKnownFileType = sourcecode.swift; path = FakeResponseData.swift; sourceTree = "<group>"; };
		D5CD82522715B3630076D80C /* CoreDataManager.swift */ = {isa = PBXFileReference; lastKnownFileType = sourcecode.swift; path = CoreDataManager.swift; sourceTree = "<group>"; };
		D9DDC8708768FC4AA1CAE42E /* libPods-RecipleaseTests.a */ = {isa = PBXFileReference; explicitFileType = archive.ar; includeInIndex = 0; path = "libPods-RecipleaseTests.a"; sourceTree = BUILT_PRODUCTS_DIR; };
		F059359125DA534287BD9595 /* Pods-Reciplease.release.xcconfig */ = {isa = PBXFileReference; includeInIndex = 1; lastKnownFileType = text.xcconfig; name = "Pods-Reciplease.release.xcconfig"; path = "Target Support Files/Pods-Reciplease/Pods-Reciplease.release.xcconfig"; sourceTree = "<group>"; };
/* End PBXFileReference section */

/* Begin PBXFrameworksBuildPhase section */
		D550E348270CBC8D00E54416 /* Frameworks */ = {
			isa = PBXFrameworksBuildPhase;
			buildActionMask = 2147483647;
			files = (
				45A5BFFFC0A210A0CBBD27B3 /* Pods_Reciplease.framework in Frameworks */,
			);
			runOnlyForDeploymentPostprocessing = 0;
		};
		D58A5F7A271F5C8C00F990CE /* Frameworks */ = {
			isa = PBXFrameworksBuildPhase;
			buildActionMask = 2147483647;
			files = (
				4AB1749D732A8CEDDC96A833 /* libPods-RecipleaseTests.a in Frameworks */,
			);
			runOnlyForDeploymentPostprocessing = 0;
		};
/* End PBXFrameworksBuildPhase section */

/* Begin PBXGroup section */
		119660EA546041DAB3B87C6F /* Frameworks */ = {
			isa = PBXGroup;
			children = (
				C173C18BCD8439200EC0B912 /* Pods_Reciplease.framework */,
				D9DDC8708768FC4AA1CAE42E /* libPods-RecipleaseTests.a */,
			);
			name = Frameworks;
			sourceTree = "<group>";
		};
		CBCF5CF976DE24C8ABDAC1A6 /* Pods */ = {
			isa = PBXGroup;
			children = (
				1CF580766C283F3A236D719A /* Pods-Reciplease.debug.xcconfig */,
				F059359125DA534287BD9595 /* Pods-Reciplease.release.xcconfig */,
				15D47B5BB3FA765FCAA6326F /* Pods-RecipleaseTests.debug.xcconfig */,
				6648725B845E5448AA81A24F /* Pods-RecipleaseTests.release.xcconfig */,
			);
			path = Pods;
			sourceTree = "<group>";
		};
		D535CA492721D36800F948BC /* CoreDataTests */ = {
			isa = PBXGroup;
			children = (
				D535CA4C2721D3B800F948BC /* CoreDataManagerTests.swift */,
				D535CA4A2721D38A00F948BC /* MockCoreDataStack.swift */,
			);
			path = CoreDataTests;
			sourceTree = "<group>";
		};
		D550E342270CBC8D00E54416 = {
			isa = PBXGroup;
			children = (
				D550E34D270CBC8D00E54416 /* Reciplease */,
				D58A5F7E271F5C8C00F990CE /* RecipleaseTests */,
				D550E34C270CBC8D00E54416 /* Products */,
				CBCF5CF976DE24C8ABDAC1A6 /* Pods */,
				119660EA546041DAB3B87C6F /* Frameworks */,
			);
			sourceTree = "<group>";
		};
		D550E34C270CBC8D00E54416 /* Products */ = {
			isa = PBXGroup;
			children = (
				D550E34B270CBC8D00E54416 /* Reciplease.app */,
				D58A5F7D271F5C8C00F990CE /* RecipleaseTests.xctest */,
			);
			name = Products;
			sourceTree = "<group>";
		};
		D550E34D270CBC8D00E54416 /* Reciplease */ = {
			isa = PBXGroup;
			children = (
				D550E37F270E363900E54416 /* ExtensionsAndUtilities */,
				D550E34E270CBC8D00E54416 /* AppDelegate.swift */,
				D550E350270CBC8D00E54416 /* SceneDelegate.swift */,
				D550E35F270CBC8F00E54416 /* Info.plist */,
				D550E36A270CD08700E54416 /* View */,
				D550E369270CD06C00E54416 /* Controller */,
				D550E368270CD06500E54416 /* Model */,
			);
			path = Reciplease;
			sourceTree = "<group>";
		};
		D550E368270CD06500E54416 /* Model */ = {
			isa = PBXGroup;
			children = (
				D550E357270CBC8D00E54416 /* Reciplease.xcdatamodeld */,
				D550E377270DCDC800E54416 /* IngredientService.swift */,
				D550E379270E0F3400E54416 /* RecipeResponse.swift */,
				D58A5F922720255900F990CE /* RecipeSession.swift */,
				D550E37D270E20A100E54416 /* RecipeService.swift */,
				D5CD82522715B3630076D80C /* CoreDataManager.swift */,
				D535CA452721B76500F948BC /* CoreDataStack.swift */,
				D535CA472721B84A00F948BC /* RecipeCoreData.swift */,
			);
			path = Model;
			sourceTree = "<group>";
		};
		D550E369270CD06C00E54416 /* Controller */ = {
			isa = PBXGroup;
			children = (
				D550E352270CBC8D00E54416 /* SearchController.swift */,
				D550E371270DA0E400E54416 /* SearchResultsController.swift */,
				D550E373270DAB9600E54416 /* RecipeController.swift */,
			);
			path = Controller;
			sourceTree = "<group>";
		};
		D550E36A270CD08700E54416 /* View */ = {
			isa = PBXGroup;
			children = (
				D550E35A270CBC8F00E54416 /* Assets.xcassets */,
				D550E354270CBC8D00E54416 /* Main.storyboard */,
				D550E35C270CBC8F00E54416 /* LaunchScreen.storyboard */,
			);
			path = View;
			sourceTree = "<group>";
		};
		D550E37F270E363900E54416 /* ExtensionsAndUtilities */ = {
			isa = PBXGroup;
			children = (
				D550E3872711B8BD00E54416 /* CustomView.swift */,
				D535CA522722F1B600F948BC /* ExtensionUIViewController.swift */,
				D58A5F77271F4F9600F990CE /* ExtensionUITableView.swift */,
				D550E37B270E1A1500E54416 /* Api.swift */,
				D550E380270E365B00E54416 /* Cells */,
			);
			path = ExtensionsAndUtilities;
			sourceTree = "<group>";
		};
		D550E380270E365B00E54416 /* Cells */ = {
			isa = PBXGroup;
			children = (
				D550E381270E36B300E54416 /* RecipeTableViewCell.swift */,
				D550E382270E36B300E54416 /* RecipeTableViewCell.xib */,
			);
			path = Cells;
			sourceTree = "<group>";
		};
		D58A5F7E271F5C8C00F990CE /* RecipleaseTests */ = {
			isa = PBXGroup;
			children = (
				D535CA492721D36800F948BC /* CoreDataTests */,
				D58A5F9627203C3700F990CE /* AlamofireTests */,
				D535CA4E27228F4800F948BC /* RecipeResponsetests.swift */,
				D535CA502722C3B500F948BC /* Recipe+Mock.swift */,
			);
			path = RecipleaseTests;
			sourceTree = "<group>";
		};
		D58A5F9627203C3700F990CE /* AlamofireTests */ = {
			isa = PBXGroup;
			children = (
				D58A5F86271F623F00F990CE /* RecipeServiceTests.swift */,
				D58A5F902720211B00F990CE /* FakeAlamofireSession.swift */,
				D58A5F8E271FFE0600F990CE /* Recipes.json */,
				D58A5F9727203CA300F990CE /* FakeResponseData.swift */,
			);
			path = AlamofireTests;
			sourceTree = "<group>";
		};
/* End PBXGroup section */

/* Begin PBXNativeTarget section */
		D550E34A270CBC8D00E54416 /* Reciplease */ = {
			isa = PBXNativeTarget;
			buildConfigurationList = D550E362270CBC8F00E54416 /* Build configuration list for PBXNativeTarget "Reciplease" */;
			buildPhases = (
				0C3A04E8C8EF9F5E59C29F13 /* [CP] Check Pods Manifest.lock */,
				D550E347270CBC8D00E54416 /* Sources */,
				D550E348270CBC8D00E54416 /* Frameworks */,
				D550E349270CBC8D00E54416 /* Resources */,
				F32B473D29ED214472B4E980 /* [CP] Embed Pods Frameworks */,
			);
			buildRules = (
			);
			dependencies = (
			);
			name = Reciplease;
			productName = Reciplease;
			productReference = D550E34B270CBC8D00E54416 /* Reciplease.app */;
			productType = "com.apple.product-type.application";
		};
		D58A5F7C271F5C8C00F990CE /* RecipleaseTests */ = {
			isa = PBXNativeTarget;
			buildConfigurationList = D58A5F83271F5C8C00F990CE /* Build configuration list for PBXNativeTarget "RecipleaseTests" */;
			buildPhases = (
				32FDCF3676486AB7F750FEB1 /* [CP] Check Pods Manifest.lock */,
				D58A5F79271F5C8C00F990CE /* Sources */,
				D58A5F7A271F5C8C00F990CE /* Frameworks */,
				D58A5F7B271F5C8C00F990CE /* Resources */,
			);
			buildRules = (
			);
			dependencies = (
				D58A5F82271F5C8C00F990CE /* PBXTargetDependency */,
			);
			name = RecipleaseTests;
			productName = RecipleaseTests;
			productReference = D58A5F7D271F5C8C00F990CE /* RecipleaseTests.xctest */;
			productType = "com.apple.product-type.bundle.unit-test";
		};
/* End PBXNativeTarget section */

/* Begin PBXProject section */
		D550E343270CBC8D00E54416 /* Project object */ = {
			isa = PBXProject;
			attributes = {
				BuildIndependentTargetsInParallel = 1;
				LastSwiftUpdateCheck = 1300;
				LastUpgradeCheck = 1300;
				TargetAttributes = {
					D550E34A270CBC8D00E54416 = {
						CreatedOnToolsVersion = 13.0;
					};
					D58A5F7C271F5C8C00F990CE = {
						CreatedOnToolsVersion = 13.0;
						LastSwiftMigration = 1300;
						TestTargetID = D550E34A270CBC8D00E54416;
					};
				};
			};
			buildConfigurationList = D550E346270CBC8D00E54416 /* Build configuration list for PBXProject "Reciplease" */;
			compatibilityVersion = "Xcode 13.0";
			developmentRegion = en;
			hasScannedForEncodings = 0;
			knownRegions = (
				en,
				Base,
			);
			mainGroup = D550E342270CBC8D00E54416;
			productRefGroup = D550E34C270CBC8D00E54416 /* Products */;
			projectDirPath = "";
			projectRoot = "";
			targets = (
				D550E34A270CBC8D00E54416 /* Reciplease */,
				D58A5F7C271F5C8C00F990CE /* RecipleaseTests */,
			);
		};
/* End PBXProject section */

/* Begin PBXResourcesBuildPhase section */
		D550E349270CBC8D00E54416 /* Resources */ = {
			isa = PBXResourcesBuildPhase;
			buildActionMask = 2147483647;
			files = (
				D550E35E270CBC8F00E54416 /* LaunchScreen.storyboard in Resources */,
				D550E35B270CBC8F00E54416 /* Assets.xcassets in Resources */,
				D550E356270CBC8D00E54416 /* Main.storyboard in Resources */,
				D550E384270E36B300E54416 /* RecipeTableViewCell.xib in Resources */,
			);
			runOnlyForDeploymentPostprocessing = 0;
		};
		D58A5F7B271F5C8C00F990CE /* Resources */ = {
			isa = PBXResourcesBuildPhase;
			buildActionMask = 2147483647;
			files = (
				D58A5F8F271FFE0600F990CE /* Recipes.json in Resources */,
			);
			runOnlyForDeploymentPostprocessing = 0;
		};
/* End PBXResourcesBuildPhase section */

/* Begin PBXShellScriptBuildPhase section */
		0C3A04E8C8EF9F5E59C29F13 /* [CP] Check Pods Manifest.lock */ = {
			isa = PBXShellScriptBuildPhase;
			buildActionMask = 2147483647;
			files = (
			);
			inputFileListPaths = (
			);
			inputPaths = (
				"${PODS_PODFILE_DIR_PATH}/Podfile.lock",
				"${PODS_ROOT}/Manifest.lock",
			);
			name = "[CP] Check Pods Manifest.lock";
			outputFileListPaths = (
			);
			outputPaths = (
				"$(DERIVED_FILE_DIR)/Pods-Reciplease-checkManifestLockResult.txt",
			);
			runOnlyForDeploymentPostprocessing = 0;
			shellPath = /bin/sh;
			shellScript = "diff \"${PODS_PODFILE_DIR_PATH}/Podfile.lock\" \"${PODS_ROOT}/Manifest.lock\" > /dev/null\nif [ $? != 0 ] ; then\n    # print error to STDERR\n    echo \"error: The sandbox is not in sync with the Podfile.lock. Run 'pod install' or update your CocoaPods installation.\" >&2\n    exit 1\nfi\n# This output is used by Xcode 'outputs' to avoid re-running this script phase.\necho \"SUCCESS\" > \"${SCRIPT_OUTPUT_FILE_0}\"\n";
			showEnvVarsInLog = 0;
		};
		32FDCF3676486AB7F750FEB1 /* [CP] Check Pods Manifest.lock */ = {
			isa = PBXShellScriptBuildPhase;
			buildActionMask = 2147483647;
			files = (
			);
			inputFileListPaths = (
			);
			inputPaths = (
				"${PODS_PODFILE_DIR_PATH}/Podfile.lock",
				"${PODS_ROOT}/Manifest.lock",
			);
			name = "[CP] Check Pods Manifest.lock";
			outputFileListPaths = (
			);
			outputPaths = (
				"$(DERIVED_FILE_DIR)/Pods-RecipleaseTests-checkManifestLockResult.txt",
			);
			runOnlyForDeploymentPostprocessing = 0;
			shellPath = /bin/sh;
			shellScript = "diff \"${PODS_PODFILE_DIR_PATH}/Podfile.lock\" \"${PODS_ROOT}/Manifest.lock\" > /dev/null\nif [ $? != 0 ] ; then\n    # print error to STDERR\n    echo \"error: The sandbox is not in sync with the Podfile.lock. Run 'pod install' or update your CocoaPods installation.\" >&2\n    exit 1\nfi\n# This output is used by Xcode 'outputs' to avoid re-running this script phase.\necho \"SUCCESS\" > \"${SCRIPT_OUTPUT_FILE_0}\"\n";
			showEnvVarsInLog = 0;
		};
		F32B473D29ED214472B4E980 /* [CP] Embed Pods Frameworks */ = {
			isa = PBXShellScriptBuildPhase;
			buildActionMask = 2147483647;
			files = (
			);
			inputFileListPaths = (
				"${PODS_ROOT}/Target Support Files/Pods-Reciplease/Pods-Reciplease-frameworks-${CONFIGURATION}-input-files.xcfilelist",
			);
			name = "[CP] Embed Pods Frameworks";
			outputFileListPaths = (
				"${PODS_ROOT}/Target Support Files/Pods-Reciplease/Pods-Reciplease-frameworks-${CONFIGURATION}-output-files.xcfilelist",
			);
			runOnlyForDeploymentPostprocessing = 0;
			shellPath = /bin/sh;
			shellScript = "\"${PODS_ROOT}/Target Support Files/Pods-Reciplease/Pods-Reciplease-frameworks.sh\"\n";
			showEnvVarsInLog = 0;
		};
/* End PBXShellScriptBuildPhase section */

/* Begin PBXSourcesBuildPhase section */
		D550E347270CBC8D00E54416 /* Sources */ = {
			isa = PBXSourcesBuildPhase;
			buildActionMask = 2147483647;
			files = (
				D550E359270CBC8D00E54416 /* Reciplease.xcdatamodeld in Sources */,
				D550E383270E36B300E54416 /* RecipeTableViewCell.swift in Sources */,
				D550E3882711B8BD00E54416 /* CustomView.swift in Sources */,
				D5CD82532715B3630076D80C /* CoreDataManager.swift in Sources */,
				D550E353270CBC8D00E54416 /* SearchController.swift in Sources */,
				D550E37A270E0F3400E54416 /* RecipeResponse.swift in Sources */,
				D550E372270DA0E400E54416 /* SearchResultsController.swift in Sources */,
				D535CA462721B76500F948BC /* CoreDataStack.swift in Sources */,
				D550E37C270E1A1500E54416 /* Api.swift in Sources */,
				D550E37E270E20A100E54416 /* RecipeService.swift in Sources */,
				D550E378270DCDC800E54416 /* IngredientService.swift in Sources */,
				D550E374270DAB9600E54416 /* RecipeController.swift in Sources */,
				D535CA532722F1B600F948BC /* ExtensionUIViewController.swift in Sources */,
				D535CA482721B84A00F948BC /* RecipeCoreData.swift in Sources */,
				D550E34F270CBC8D00E54416 /* AppDelegate.swift in Sources */,
				D58A5F932720255900F990CE /* RecipeSession.swift in Sources */,
				D550E351270CBC8D00E54416 /* SceneDelegate.swift in Sources */,
				D58A5F78271F4F9600F990CE /* ExtensionUITableView.swift in Sources */,
			);
			runOnlyForDeploymentPostprocessing = 0;
		};
		D58A5F79271F5C8C00F990CE /* Sources */ = {
			isa = PBXSourcesBuildPhase;
			buildActionMask = 2147483647;
			files = (
				D58A5F87271F623F00F990CE /* RecipeServiceTests.swift in Sources */,
				D535CA4B2721D38A00F948BC /* MockCoreDataStack.swift in Sources */,
				D535CA4F27228F4800F948BC /* RecipeResponsetests.swift in Sources */,
				D58A5F912720211B00F990CE /* FakeAlamofireSession.swift in Sources */,
				D535CA4D2721D3B800F948BC /* CoreDataManagerTests.swift in Sources */,
				D58A5F9827203CA300F990CE /* FakeResponseData.swift in Sources */,
				D535CA512722C3B500F948BC /* Recipe+Mock.swift in Sources */,
			);
			runOnlyForDeploymentPostprocessing = 0;
		};
/* End PBXSourcesBuildPhase section */

/* Begin PBXTargetDependency section */
		D58A5F82271F5C8C00F990CE /* PBXTargetDependency */ = {
			isa = PBXTargetDependency;
			target = D550E34A270CBC8D00E54416 /* Reciplease */;
			targetProxy = D58A5F81271F5C8C00F990CE /* PBXContainerItemProxy */;
		};
/* End PBXTargetDependency section */

/* Begin PBXVariantGroup section */
		D550E354270CBC8D00E54416 /* Main.storyboard */ = {
			isa = PBXVariantGroup;
			children = (
				D550E355270CBC8D00E54416 /* Base */,
			);
			name = Main.storyboard;
			sourceTree = "<group>";
		};
		D550E35C270CBC8F00E54416 /* LaunchScreen.storyboard */ = {
			isa = PBXVariantGroup;
			children = (
				D550E35D270CBC8F00E54416 /* Base */,
			);
			name = LaunchScreen.storyboard;
			sourceTree = "<group>";
		};
/* End PBXVariantGroup section */

/* Begin XCBuildConfiguration section */
		D550E360270CBC8F00E54416 /* Debug */ = {
			isa = XCBuildConfiguration;
			buildSettings = {
				ALWAYS_SEARCH_USER_PATHS = NO;
				CLANG_ANALYZER_NONNULL = YES;
				CLANG_ANALYZER_NUMBER_OBJECT_CONVERSION = YES_AGGRESSIVE;
				CLANG_CXX_LANGUAGE_STANDARD = "gnu++17";
				CLANG_CXX_LIBRARY = "libc++";
				CLANG_ENABLE_MODULES = YES;
				CLANG_ENABLE_OBJC_ARC = YES;
				CLANG_ENABLE_OBJC_WEAK = YES;
				CLANG_WARN_BLOCK_CAPTURE_AUTORELEASING = YES;
				CLANG_WARN_BOOL_CONVERSION = YES;
				CLANG_WARN_COMMA = YES;
				CLANG_WARN_CONSTANT_CONVERSION = YES;
				CLANG_WARN_DEPRECATED_OBJC_IMPLEMENTATIONS = YES;
				CLANG_WARN_DIRECT_OBJC_ISA_USAGE = YES_ERROR;
				CLANG_WARN_DOCUMENTATION_COMMENTS = YES;
				CLANG_WARN_EMPTY_BODY = YES;
				CLANG_WARN_ENUM_CONVERSION = YES;
				CLANG_WARN_INFINITE_RECURSION = YES;
				CLANG_WARN_INT_CONVERSION = YES;
				CLANG_WARN_NON_LITERAL_NULL_CONVERSION = YES;
				CLANG_WARN_OBJC_IMPLICIT_RETAIN_SELF = YES;
				CLANG_WARN_OBJC_LITERAL_CONVERSION = YES;
				CLANG_WARN_OBJC_ROOT_CLASS = YES_ERROR;
				CLANG_WARN_QUOTED_INCLUDE_IN_FRAMEWORK_HEADER = YES;
				CLANG_WARN_RANGE_LOOP_ANALYSIS = YES;
				CLANG_WARN_STRICT_PROTOTYPES = YES;
				CLANG_WARN_SUSPICIOUS_MOVE = YES;
				CLANG_WARN_UNGUARDED_AVAILABILITY = YES_AGGRESSIVE;
				CLANG_WARN_UNREACHABLE_CODE = YES;
				CLANG_WARN__DUPLICATE_METHOD_MATCH = YES;
				COPY_PHASE_STRIP = NO;
				DEBUG_INFORMATION_FORMAT = dwarf;
				ENABLE_STRICT_OBJC_MSGSEND = YES;
				ENABLE_TESTABILITY = YES;
				GCC_C_LANGUAGE_STANDARD = gnu11;
				GCC_DYNAMIC_NO_PIC = NO;
				GCC_NO_COMMON_BLOCKS = YES;
				GCC_OPTIMIZATION_LEVEL = 0;
				GCC_PREPROCESSOR_DEFINITIONS = (
					"DEBUG=1",
					"$(inherited)",
				);
				GCC_WARN_64_TO_32_BIT_CONVERSION = YES;
				GCC_WARN_ABOUT_RETURN_TYPE = YES_ERROR;
				GCC_WARN_UNDECLARED_SELECTOR = YES;
				GCC_WARN_UNINITIALIZED_AUTOS = YES_AGGRESSIVE;
				GCC_WARN_UNUSED_FUNCTION = YES;
				GCC_WARN_UNUSED_VARIABLE = YES;
				IPHONEOS_DEPLOYMENT_TARGET = 15.0;
				MTL_ENABLE_DEBUG_INFO = INCLUDE_SOURCE;
				MTL_FAST_MATH = YES;
				ONLY_ACTIVE_ARCH = YES;
				SDKROOT = iphoneos;
				SWIFT_ACTIVE_COMPILATION_CONDITIONS = DEBUG;
				SWIFT_OPTIMIZATION_LEVEL = "-Onone";
			};
			name = Debug;
		};
		D550E361270CBC8F00E54416 /* Release */ = {
			isa = XCBuildConfiguration;
			buildSettings = {
				ALWAYS_SEARCH_USER_PATHS = NO;
				CLANG_ANALYZER_NONNULL = YES;
				CLANG_ANALYZER_NUMBER_OBJECT_CONVERSION = YES_AGGRESSIVE;
				CLANG_CXX_LANGUAGE_STANDARD = "gnu++17";
				CLANG_CXX_LIBRARY = "libc++";
				CLANG_ENABLE_MODULES = YES;
				CLANG_ENABLE_OBJC_ARC = YES;
				CLANG_ENABLE_OBJC_WEAK = YES;
				CLANG_WARN_BLOCK_CAPTURE_AUTORELEASING = YES;
				CLANG_WARN_BOOL_CONVERSION = YES;
				CLANG_WARN_COMMA = YES;
				CLANG_WARN_CONSTANT_CONVERSION = YES;
				CLANG_WARN_DEPRECATED_OBJC_IMPLEMENTATIONS = YES;
				CLANG_WARN_DIRECT_OBJC_ISA_USAGE = YES_ERROR;
				CLANG_WARN_DOCUMENTATION_COMMENTS = YES;
				CLANG_WARN_EMPTY_BODY = YES;
				CLANG_WARN_ENUM_CONVERSION = YES;
				CLANG_WARN_INFINITE_RECURSION = YES;
				CLANG_WARN_INT_CONVERSION = YES;
				CLANG_WARN_NON_LITERAL_NULL_CONVERSION = YES;
				CLANG_WARN_OBJC_IMPLICIT_RETAIN_SELF = YES;
				CLANG_WARN_OBJC_LITERAL_CONVERSION = YES;
				CLANG_WARN_OBJC_ROOT_CLASS = YES_ERROR;
				CLANG_WARN_QUOTED_INCLUDE_IN_FRAMEWORK_HEADER = YES;
				CLANG_WARN_RANGE_LOOP_ANALYSIS = YES;
				CLANG_WARN_STRICT_PROTOTYPES = YES;
				CLANG_WARN_SUSPICIOUS_MOVE = YES;
				CLANG_WARN_UNGUARDED_AVAILABILITY = YES_AGGRESSIVE;
				CLANG_WARN_UNREACHABLE_CODE = YES;
				CLANG_WARN__DUPLICATE_METHOD_MATCH = YES;
				COPY_PHASE_STRIP = NO;
				DEBUG_INFORMATION_FORMAT = "dwarf-with-dsym";
				ENABLE_NS_ASSERTIONS = NO;
				ENABLE_STRICT_OBJC_MSGSEND = YES;
				GCC_C_LANGUAGE_STANDARD = gnu11;
				GCC_NO_COMMON_BLOCKS = YES;
				GCC_WARN_64_TO_32_BIT_CONVERSION = YES;
				GCC_WARN_ABOUT_RETURN_TYPE = YES_ERROR;
				GCC_WARN_UNDECLARED_SELECTOR = YES;
				GCC_WARN_UNINITIALIZED_AUTOS = YES_AGGRESSIVE;
				GCC_WARN_UNUSED_FUNCTION = YES;
				GCC_WARN_UNUSED_VARIABLE = YES;
				IPHONEOS_DEPLOYMENT_TARGET = 15.0;
				MTL_ENABLE_DEBUG_INFO = NO;
				MTL_FAST_MATH = YES;
				SDKROOT = iphoneos;
				SWIFT_COMPILATION_MODE = wholemodule;
				SWIFT_OPTIMIZATION_LEVEL = "-O";
				VALIDATE_PRODUCT = YES;
			};
			name = Release;
		};
		D550E363270CBC8F00E54416 /* Debug */ = {
			isa = XCBuildConfiguration;
			baseConfigurationReference = 1CF580766C283F3A236D719A /* Pods-Reciplease.debug.xcconfig */;
			buildSettings = {
				ASSETCATALOG_COMPILER_APPICON_NAME = AppIcon;
				ASSETCATALOG_COMPILER_GLOBAL_ACCENT_COLOR_NAME = AccentColor;
				CODE_SIGN_STYLE = Automatic;
				CURRENT_PROJECT_VERSION = 1;
				DEVELOPMENT_TEAM = L7T8NU2UGP;
				GENERATE_INFOPLIST_FILE = YES;
				INFOPLIST_FILE = Reciplease/Info.plist;
				INFOPLIST_KEY_UIApplicationSupportsIndirectInputEvents = YES;
				INFOPLIST_KEY_UILaunchStoryboardName = LaunchScreen;
				INFOPLIST_KEY_UIMainStoryboardFile = Main;
				INFOPLIST_KEY_UISupportedInterfaceOrientations_iPad = "UIInterfaceOrientationPortrait UIInterfaceOrientationPortraitUpsideDown UIInterfaceOrientationLandscapeLeft UIInterfaceOrientationLandscapeRight";
				INFOPLIST_KEY_UISupportedInterfaceOrientations_iPhone = "UIInterfaceOrientationPortrait UIInterfaceOrientationLandscapeLeft UIInterfaceOrientationLandscapeRight";
				LD_RUNPATH_SEARCH_PATHS = (
					"$(inherited)",
					"@executable_path/Frameworks",
				);
				MARKETING_VERSION = 1.0;
				PRODUCT_BUNDLE_IDENTIFIER = com.leatof.Reciplease;
				PRODUCT_NAME = "$(TARGET_NAME)";
				SWIFT_EMIT_LOC_STRINGS = YES;
				SWIFT_VERSION = 5.0;
				TARGETED_DEVICE_FAMILY = 1;
			};
			name = Debug;
		};
		D550E364270CBC8F00E54416 /* Release */ = {
			isa = XCBuildConfiguration;
			baseConfigurationReference = F059359125DA534287BD9595 /* Pods-Reciplease.release.xcconfig */;
			buildSettings = {
				ASSETCATALOG_COMPILER_APPICON_NAME = AppIcon;
				ASSETCATALOG_COMPILER_GLOBAL_ACCENT_COLOR_NAME = AccentColor;
				CODE_SIGN_STYLE = Automatic;
				CURRENT_PROJECT_VERSION = 1;
				DEVELOPMENT_TEAM = L7T8NU2UGP;
				GENERATE_INFOPLIST_FILE = YES;
				INFOPLIST_FILE = Reciplease/Info.plist;
				INFOPLIST_KEY_UIApplicationSupportsIndirectInputEvents = YES;
				INFOPLIST_KEY_UILaunchStoryboardName = LaunchScreen;
				INFOPLIST_KEY_UIMainStoryboardFile = Main;
				INFOPLIST_KEY_UISupportedInterfaceOrientations_iPad = "UIInterfaceOrientationPortrait UIInterfaceOrientationPortraitUpsideDown UIInterfaceOrientationLandscapeLeft UIInterfaceOrientationLandscapeRight";
				INFOPLIST_KEY_UISupportedInterfaceOrientations_iPhone = "UIInterfaceOrientationPortrait UIInterfaceOrientationLandscapeLeft UIInterfaceOrientationLandscapeRight";
				LD_RUNPATH_SEARCH_PATHS = (
					"$(inherited)",
					"@executable_path/Frameworks",
				);
				MARKETING_VERSION = 1.0;
				PRODUCT_BUNDLE_IDENTIFIER = com.leatof.Reciplease;
				PRODUCT_NAME = "$(TARGET_NAME)";
				SWIFT_EMIT_LOC_STRINGS = YES;
				SWIFT_VERSION = 5.0;
				TARGETED_DEVICE_FAMILY = 1;
			};
			name = Release;
		};
		D58A5F84271F5C8C00F990CE /* Debug */ = {
			isa = XCBuildConfiguration;
			baseConfigurationReference = 15D47B5BB3FA765FCAA6326F /* Pods-RecipleaseTests.debug.xcconfig */;
			buildSettings = {
				BUNDLE_LOADER = "$(TEST_HOST)";
				CLANG_ENABLE_MODULES = YES;
				CODE_SIGN_STYLE = Automatic;
				CURRENT_PROJECT_VERSION = 1;
				DEVELOPMENT_TEAM = L7T8NU2UGP;
				GENERATE_INFOPLIST_FILE = YES;
				LD_RUNPATH_SEARCH_PATHS = (
					"$(inherited)",
					"@executable_path/Frameworks",
					"@loader_path/Frameworks",
				);
				MARKETING_VERSION = 1.0;
				PRODUCT_BUNDLE_IDENTIFIER = com.leatof.RecipleaseTests;
				PRODUCT_NAME = "$(TARGET_NAME)";
				SWIFT_EMIT_LOC_STRINGS = NO;
				SWIFT_OPTIMIZATION_LEVEL = "-Onone";
				SWIFT_VERSION = 5.0;
				TARGETED_DEVICE_FAMILY = "1,2";
				TEST_HOST = "$(BUILT_PRODUCTS_DIR)/Reciplease.app/Reciplease";
			};
			name = Debug;
		};
		D58A5F85271F5C8C00F990CE /* Release */ = {
			isa = XCBuildConfiguration;
			baseConfigurationReference = 6648725B845E5448AA81A24F /* Pods-RecipleaseTests.release.xcconfig */;
			buildSettings = {
				BUNDLE_LOADER = "$(TEST_HOST)";
				CLANG_ENABLE_MODULES = YES;
				CODE_SIGN_STYLE = Automatic;
				CURRENT_PROJECT_VERSION = 1;
				DEVELOPMENT_TEAM = L7T8NU2UGP;
				GENERATE_INFOPLIST_FILE = YES;
				LD_RUNPATH_SEARCH_PATHS = (
					"$(inherited)",
					"@executable_path/Frameworks",
					"@loader_path/Frameworks",
				);
				MARKETING_VERSION = 1.0;
				PRODUCT_BUNDLE_IDENTIFIER = com.leatof.RecipleaseTests;
				PRODUCT_NAME = "$(TARGET_NAME)";
				SWIFT_EMIT_LOC_STRINGS = NO;
				SWIFT_VERSION = 5.0;
				TARGETED_DEVICE_FAMILY = "1,2";
				TEST_HOST = "$(BUILT_PRODUCTS_DIR)/Reciplease.app/Reciplease";
			};
			name = Release;
		};
/* End XCBuildConfiguration section */

/* Begin XCConfigurationList section */
		D550E346270CBC8D00E54416 /* Build configuration list for PBXProject "Reciplease" */ = {
			isa = XCConfigurationList;
			buildConfigurations = (
				D550E360270CBC8F00E54416 /* Debug */,
				D550E361270CBC8F00E54416 /* Release */,
			);
			defaultConfigurationIsVisible = 0;
			defaultConfigurationName = Release;
		};
		D550E362270CBC8F00E54416 /* Build configuration list for PBXNativeTarget "Reciplease" */ = {
			isa = XCConfigurationList;
			buildConfigurations = (
				D550E363270CBC8F00E54416 /* Debug */,
				D550E364270CBC8F00E54416 /* Release */,
			);
			defaultConfigurationIsVisible = 0;
			defaultConfigurationName = Release;
		};
		D58A5F83271F5C8C00F990CE /* Build configuration list for PBXNativeTarget "RecipleaseTests" */ = {
			isa = XCConfigurationList;
			buildConfigurations = (
				D58A5F84271F5C8C00F990CE /* Debug */,
				D58A5F85271F5C8C00F990CE /* Release */,
			);
			defaultConfigurationIsVisible = 0;
			defaultConfigurationName = Release;
		};
/* End XCConfigurationList section */

/* Begin XCVersionGroup section */
		D550E357270CBC8D00E54416 /* Reciplease.xcdatamodeld */ = {
			isa = XCVersionGroup;
			children = (
				D550E358270CBC8D00E54416 /* Reciplease.xcdatamodel */,
			);
			currentVersion = D550E358270CBC8D00E54416 /* Reciplease.xcdatamodel */;
			path = Reciplease.xcdatamodeld;
			sourceTree = "<group>";
			versionGroupType = wrapper.xcdatamodel;
		};
/* End XCVersionGroup section */
	};
	rootObject = D550E343270CBC8D00E54416 /* Project object */;
}
